
Microsoft Visual Studio Solution File, Format Version 12.00
# Visual Studio Version 17
VisualStudioVersion = 17.11.35125.118
MinimumVisualStudioVersion = 10.0.40219.1
Project("{2150E333-8FDC-42A3-9474-1A3956D46DE8}") = "AdvanceProgrammingConcept", "AdvanceProgrammingConcept", "{B8816315-7735-4061-A064-8778427EB433}"
EndProject
Project("{9A19103F-16F7-4668-BE54-9A1E7A4F7556}") = "Semaphore", "AdvanceProgrammingConcept\Semaphore\Semaphore.csproj", "{483733E5-4205-439C-9FEF-681ACF6F994B}"
EndProject
Project("{9A19103F-16F7-4668-BE54-9A1E7A4F7556}") = "Async_Await_Task", "AdvanceProgrammingConcept\Async_Await_Task\Async_Await_Task.csproj", "{C7FC5D48-CAF5-4C56-A6E2-30DBF3A744F4}"
EndProject
Project("{9A19103F-16F7-4668-BE54-9A1E7A4F7556}") = "ACIDProperty", "AdvanceProgrammingConcept\ACIDProperty\ACIDProperty.csproj", "{8F98174E-B168-4019-B263-CC090E45FBB6}"
EndProject
Project("{9A19103F-16F7-4668-BE54-9A1E7A4F7556}") = "Channels", "AdvanceProgrammingConcept\Channels\Channels.csproj", "{438276D7-C1FC-412E-9CA4-9C8FE54CBD58}"
EndProject
Project("{9A19103F-16F7-4668-BE54-9A1E7A4F7556}") = "HowToUseChannels", "AdvanceProgrammingConcept\HowToUseChannels\HowToUseChannels.csproj", "{F365C5BF-DD21-44AD-8AB6-CB5A6996C6FF}"
EndProject
Project("{9A19103F-16F7-4668-BE54-9A1E7A4F7556}") = "ModelViewController", "AdvanceProgrammingConcept\ModelViewController\ModelViewController.csproj", "{B6F0A92D-E358-423A-90BB-A6962B6F2A5A}"
EndProject
Project("{9A19103F-16F7-4668-BE54-9A1E7A4F7556}") = "IEnumerableGenerator", "AdvanceProgrammingConcept\IEnumerableGenerator\IEnumerableGenerator.csproj", "{51C5A843-0822-4485-B8B5-6748CCF11824}"
EndProject
Project("{9A19103F-16F7-4668-BE54-9A1E7A4F7556}") = "Reflection", "AdvanceProgrammingConcept\Reflection\Reflection.csproj", "{D2CE63DE-C5DB-4A64-9EB6-D9E7E6F6169E}"
EndProject
Project("{9A19103F-16F7-4668-BE54-9A1E7A4F7556}") = "ReflectionWebApp", "AdvanceProgrammingConcept\ReflectionWebApp\ReflectionWebApp.csproj", "{E28B4E39-CCFE-4A45-A3C8-A41BAFA84AB5}"
EndProject
Project("{9A19103F-16F7-4668-BE54-9A1E7A4F7556}") = "ExpressionTrees", "AdvanceProgrammingConcept\ExpressionTrees\ExpressionTrees.csproj", "{DC30952A-CF40-4414-B9DF-EBE4D971D317}"
EndProject
Project("{2150E333-8FDC-42A3-9474-1A3956D46DE8}") = "Authentication_Authorization", "Authentication_Authorization", "{1A7AD317-68DC-4369-99D7-299CF58241E2}"
EndProject
Project("{2150E333-8FDC-42A3-9474-1A3956D46DE8}") = "OpenSourceIdentityFrameword_Marten", "OpenSourceIdentityFrameword_Marten", "{A2946A99-4EBE-4F2F-A22C-4D4FEAC70B90}"
EndProject
Project("{2150E333-8FDC-42A3-9474-1A3956D46DE8}") = "SignalRTutorials", "SignalRTutorials", "{9A8F270F-BA96-4EEE-8063-C84AAA97B00F}"
EndProject
Project("{2150E333-8FDC-42A3-9474-1A3956D46DE8}") = "MinimalApiAdventures", "MinimalApiAdventures", "{94911615-71D4-4496-8C50-B1294C4449CB}"
EndProject
Project("{2150E333-8FDC-42A3-9474-1A3956D46DE8}") = "DistributedCaching_Redis_Google_Cloud", "DistributedCaching_Redis_Google_Cloud", "{A0BFC488-B580-4604-9B7F-6263E79E75D3}"
EndProject
Project("{2150E333-8FDC-42A3-9474-1A3956D46DE8}") = "DesignPatterns", "DesignPatterns", "{1CC3F595-B132-474B-AA8A-788B2AE0EB4D}"
	ProjectSection(SolutionItems) = preProject
		Theory.txt = Theory.txt
	EndProjectSection
EndProject
Project("{2150E333-8FDC-42A3-9474-1A3956D46DE8}") = "ASP.NETCoreBeginnerTutorials", "ASP.NETCoreBeginnerTutorials", "{030434A8-D502-48B5-AA31-ACADF1B40C66}"
EndProject
Project("{2150E333-8FDC-42A3-9474-1A3956D46DE8}") = "ASP.NETCoreOnlineShopTutorial", "ASP.NETCoreOnlineShopTutorial", "{0B51FF46-2C12-493C-BF8A-E7AA5B938A06}"
EndProject
Project("{2150E333-8FDC-42A3-9474-1A3956D46DE8}") = "VueBeginnerGuide_ASP.NETCore", "VueBeginnerGuide_ASP.NETCore", "{0F72A446-DB46-42BE-8549-5A5FA479BE73}"
EndProject
Project("{2150E333-8FDC-42A3-9474-1A3956D46DE8}") = "Working_Files", "Working_Files", "{01298FD8-FF62-4694-BB8F-68F05891F8C7}"
EndProject
Project("{2150E333-8FDC-42A3-9474-1A3956D46DE8}") = "Angular_ServerSideRenderingTutorial", "Angular_ServerSideRenderingTutorial", "{ABD8750A-CA9D-48B5-B9A6-3DF1AD60D3F8}"
EndProject
Project("{2150E333-8FDC-42A3-9474-1A3956D46DE8}") = "CSharpRiderSetup", "CSharpRiderSetup", "{F444D78F-737C-4EFE-8A58-A34F6D93F98B}"
EndProject
Project("{2150E333-8FDC-42A3-9474-1A3956D46DE8}") = "VotingSystem", "VotingSystem", "{315BDC1D-4952-400E-AB08-9FC62CE96B69}"
EndProject
Project("{2150E333-8FDC-42A3-9474-1A3956D46DE8}") = "Toolkit_Packages_Labraries", "Toolkit_Packages_Labraries", "{C4E4DB7C-939C-4A88-B81D-AC3980A76A00}"
EndProject
Project("{2150E333-8FDC-42A3-9474-1A3956D46DE8}") = "TrickingLibrary", "TrickingLibrary", "{E1652FE9-7AC5-42C2-9A9D-F0704812B6B5}"
EndProject
Project("{FAE04EC0-301F-11D3-BF4B-00C04F79EFBC}") = "Basic_Authentication_Authorization", "Authentication_Authorization\Basic_Authentication_Authorization\Basic_Authentication_Authorization.csproj", "{ECFE09F2-68E3-4F9E-BF94-30709C57B40F}"
EndProject
Project("{FAE04EC0-301F-11D3-BF4B-00C04F79EFBC}") = "Factory", "DesignPattern\Factory\Factory.csproj", "{C6D4A2EE-8AB7-4A07-BA4E-010FBE829A30}"
EndProject
Project("{FAE04EC0-301F-11D3-BF4B-00C04F79EFBC}") = "AbstractFactory", "DesignPattern\AbstractFactory\AbstractFactory.csproj", "{D1807567-CE7E-4B06-9A3A-ED14EE31317C}"
EndProject
Project("{FAE04EC0-301F-11D3-BF4B-00C04F79EFBC}") = "Builder", "DesignPattern\Builder\Builder.csproj", "{499281C5-E9DD-48B5-B6CB-EC7F3805F565}"
EndProject
Global
	GlobalSection(SolutionConfigurationPlatforms) = preSolution
		Debug|Any CPU = Debug|Any CPU
		Release|Any CPU = Release|Any CPU
	EndGlobalSection
	GlobalSection(ProjectConfigurationPlatforms) = postSolution
		{483733E5-4205-439C-9FEF-681ACF6F994B}.Debug|Any CPU.ActiveCfg = Debug|Any CPU
		{483733E5-4205-439C-9FEF-681ACF6F994B}.Debug|Any CPU.Build.0 = Debug|Any CPU
		{483733E5-4205-439C-9FEF-681ACF6F994B}.Release|Any CPU.ActiveCfg = Release|Any CPU
		{483733E5-4205-439C-9FEF-681ACF6F994B}.Release|Any CPU.Build.0 = Release|Any CPU
		{C7FC5D48-CAF5-4C56-A6E2-30DBF3A744F4}.Debug|Any CPU.ActiveCfg = Debug|Any CPU
		{C7FC5D48-CAF5-4C56-A6E2-30DBF3A744F4}.Debug|Any CPU.Build.0 = Debug|Any CPU
		{C7FC5D48-CAF5-4C56-A6E2-30DBF3A744F4}.Release|Any CPU.ActiveCfg = Release|Any CPU
		{C7FC5D48-CAF5-4C56-A6E2-30DBF3A744F4}.Release|Any CPU.Build.0 = Release|Any CPU
		{8F98174E-B168-4019-B263-CC090E45FBB6}.Debug|Any CPU.ActiveCfg = Debug|Any CPU
		{8F98174E-B168-4019-B263-CC090E45FBB6}.Debug|Any CPU.Build.0 = Debug|Any CPU
		{8F98174E-B168-4019-B263-CC090E45FBB6}.Release|Any CPU.ActiveCfg = Release|Any CPU
		{8F98174E-B168-4019-B263-CC090E45FBB6}.Release|Any CPU.Build.0 = Release|Any CPU
		{438276D7-C1FC-412E-9CA4-9C8FE54CBD58}.Debug|Any CPU.ActiveCfg = Debug|Any CPU
		{438276D7-C1FC-412E-9CA4-9C8FE54CBD58}.Debug|Any CPU.Build.0 = Debug|Any CPU
		{438276D7-C1FC-412E-9CA4-9C8FE54CBD58}.Release|Any CPU.ActiveCfg = Release|Any CPU
		{438276D7-C1FC-412E-9CA4-9C8FE54CBD58}.Release|Any CPU.Build.0 = Release|Any CPU
		{F365C5BF-DD21-44AD-8AB6-CB5A6996C6FF}.Debug|Any CPU.ActiveCfg = Debug|Any CPU
		{F365C5BF-DD21-44AD-8AB6-CB5A6996C6FF}.Debug|Any CPU.Build.0 = Debug|Any CPU
		{F365C5BF-DD21-44AD-8AB6-CB5A6996C6FF}.Release|Any CPU.ActiveCfg = Release|Any CPU
		{F365C5BF-DD21-44AD-8AB6-CB5A6996C6FF}.Release|Any CPU.Build.0 = Release|Any CPU
		{B6F0A92D-E358-423A-90BB-A6962B6F2A5A}.Debug|Any CPU.ActiveCfg = Debug|Any CPU
		{B6F0A92D-E358-423A-90BB-A6962B6F2A5A}.Debug|Any CPU.Build.0 = Debug|Any CPU
		{B6F0A92D-E358-423A-90BB-A6962B6F2A5A}.Release|Any CPU.ActiveCfg = Release|Any CPU
		{B6F0A92D-E358-423A-90BB-A6962B6F2A5A}.Release|Any CPU.Build.0 = Release|Any CPU
		{51C5A843-0822-4485-B8B5-6748CCF11824}.Debug|Any CPU.ActiveCfg = Debug|Any CPU
		{51C5A843-0822-4485-B8B5-6748CCF11824}.Debug|Any CPU.Build.0 = Debug|Any CPU
		{51C5A843-0822-4485-B8B5-6748CCF11824}.Release|Any CPU.ActiveCfg = Release|Any CPU
		{51C5A843-0822-4485-B8B5-6748CCF11824}.Release|Any CPU.Build.0 = Release|Any CPU
		{D2CE63DE-C5DB-4A64-9EB6-D9E7E6F6169E}.Debug|Any CPU.ActiveCfg = Debug|Any CPU
		{D2CE63DE-C5DB-4A64-9EB6-D9E7E6F6169E}.Debug|Any CPU.Build.0 = Debug|Any CPU
		{D2CE63DE-C5DB-4A64-9EB6-D9E7E6F6169E}.Release|Any CPU.ActiveCfg = Release|Any CPU
		{D2CE63DE-C5DB-4A64-9EB6-D9E7E6F6169E}.Release|Any CPU.Build.0 = Release|Any CPU
		{E28B4E39-CCFE-4A45-A3C8-A41BAFA84AB5}.Debug|Any CPU.ActiveCfg = Debug|Any CPU
		{E28B4E39-CCFE-4A45-A3C8-A41BAFA84AB5}.Debug|Any CPU.Build.0 = Debug|Any CPU
		{E28B4E39-CCFE-4A45-A3C8-A41BAFA84AB5}.Release|Any CPU.ActiveCfg = Release|Any CPU
		{E28B4E39-CCFE-4A45-A3C8-A41BAFA84AB5}.Release|Any CPU.Build.0 = Release|Any CPU
		{DC30952A-CF40-4414-B9DF-EBE4D971D317}.Debug|Any CPU.ActiveCfg = Debug|Any CPU
		{DC30952A-CF40-4414-B9DF-EBE4D971D317}.Debug|Any CPU.Build.0 = Debug|Any CPU
		{DC30952A-CF40-4414-B9DF-EBE4D971D317}.Release|Any CPU.ActiveCfg = Release|Any CPU
		{DC30952A-CF40-4414-B9DF-EBE4D971D317}.Release|Any CPU.Build.0 = Release|Any CPU
		{ECFE09F2-68E3-4F9E-BF94-30709C57B40F}.Debug|Any CPU.ActiveCfg = Debug|Any CPU
		{ECFE09F2-68E3-4F9E-BF94-30709C57B40F}.Debug|Any CPU.Build.0 = Debug|Any CPU
		{ECFE09F2-68E3-4F9E-BF94-30709C57B40F}.Release|Any CPU.ActiveCfg = Release|Any CPU
		{ECFE09F2-68E3-4F9E-BF94-30709C57B40F}.Release|Any CPU.Build.0 = Release|Any CPU
		{C6D4A2EE-8AB7-4A07-BA4E-010FBE829A30}.Debug|Any CPU.ActiveCfg = Debug|Any CPU
		{C6D4A2EE-8AB7-4A07-BA4E-010FBE829A30}.Debug|Any CPU.Build.0 = Debug|Any CPU
		{C6D4A2EE-8AB7-4A07-BA4E-010FBE829A30}.Release|Any CPU.ActiveCfg = Release|Any CPU
		{C6D4A2EE-8AB7-4A07-BA4E-010FBE829A30}.Release|Any CPU.Build.0 = Release|Any CPU
		{D1807567-CE7E-4B06-9A3A-ED14EE31317C}.Debug|Any CPU.ActiveCfg = Debug|Any CPU
		{D1807567-CE7E-4B06-9A3A-ED14EE31317C}.Debug|Any CPU.Build.0 = Debug|Any CPU
		{D1807567-CE7E-4B06-9A3A-ED14EE31317C}.Release|Any CPU.ActiveCfg = Release|Any CPU
		{D1807567-CE7E-4B06-9A3A-ED14EE31317C}.Release|Any CPU.Build.0 = Release|Any CPU
		{499281C5-E9DD-48B5-B6CB-EC7F3805F565}.Debug|Any CPU.ActiveCfg = Debug|Any CPU
		{499281C5-E9DD-48B5-B6CB-EC7F3805F565}.Debug|Any CPU.Build.0 = Debug|Any CPU
		{499281C5-E9DD-48B5-B6CB-EC7F3805F565}.Release|Any CPU.ActiveCfg = Release|Any CPU
		{499281C5-E9DD-48B5-B6CB-EC7F3805F565}.Release|Any CPU.Build.0 = Release|Any CPU
	EndGlobalSection
	GlobalSection(SolutionProperties) = preSolution
		HideSolutionNode = FALSE
	EndGlobalSection
	GlobalSection(NestedProjects) = preSolution
		{483733E5-4205-439C-9FEF-681ACF6F994B} = {B8816315-7735-4061-A064-8778427EB433}
		{C7FC5D48-CAF5-4C56-A6E2-30DBF3A744F4} = {B8816315-7735-4061-A064-8778427EB433}
		{8F98174E-B168-4019-B263-CC090E45FBB6} = {B8816315-7735-4061-A064-8778427EB433}
		{438276D7-C1FC-412E-9CA4-9C8FE54CBD58} = {B8816315-7735-4061-A064-8778427EB433}
		{F365C5BF-DD21-44AD-8AB6-CB5A6996C6FF} = {B8816315-7735-4061-A064-8778427EB433}
		{B6F0A92D-E358-423A-90BB-A6962B6F2A5A} = {B8816315-7735-4061-A064-8778427EB433}
		{51C5A843-0822-4485-B8B5-6748CCF11824} = {B8816315-7735-4061-A064-8778427EB433}
		{D2CE63DE-C5DB-4A64-9EB6-D9E7E6F6169E} = {B8816315-7735-4061-A064-8778427EB433}
		{E28B4E39-CCFE-4A45-A3C8-A41BAFA84AB5} = {B8816315-7735-4061-A064-8778427EB433}
		{DC30952A-CF40-4414-B9DF-EBE4D971D317} = {B8816315-7735-4061-A064-8778427EB433}
		{ECFE09F2-68E3-4F9E-BF94-30709C57B40F} = {1A7AD317-68DC-4369-99D7-299CF58241E2}
		{C6D4A2EE-8AB7-4A07-BA4E-010FBE829A30} = {1CC3F595-B132-474B-AA8A-788B2AE0EB4D}
		{D1807567-CE7E-4B06-9A3A-ED14EE31317C} = {1CC3F595-B132-474B-AA8A-788B2AE0EB4D}
		{499281C5-E9DD-48B5-B6CB-EC7F3805F565} = {1CC3F595-B132-474B-AA8A-788B2AE0EB4D}
	EndGlobalSection
	GlobalSection(ExtensibilityGlobals) = postSolution
		SolutionGuid = {47F9E876-1C24-4093-9D33-B561A3731B32}
	EndGlobalSection
EndGlobal
